
Microsoft Visual Studio Solution File, Format Version 12.00
# Visual Studio Version 17
VisualStudioVersion = 17.11.35222.181
MinimumVisualStudioVersion = 10.0.40219.1
Project("{9A19103F-16F7-4668-BE54-9A1E7A4F7556}") = "InventoryTracker.Server", "VelozientApp.Server\InventoryTracker.Server.csproj", "{0F425988-CAC5-4067-B05C-CEABA17231E7}"
EndProject
Project("{FAE04EC0-301F-11D3-BF4B-00C04F79EFBC}") = "InventoryTracker.Database", "VelozientApp.Database\InventoryTracker.Database.csproj", "{C6F9042A-0264-4562-83C1-034CD2AA965A}"
EndProject
Project("{FAE04EC0-301F-11D3-BF4B-00C04F79EFBC}") = "InventoryTracker.Models", "InventoryTracker.Models\InventoryTracker.Models.csproj", "{DDCC8C5C-649F-4B89-83CE-B2CD904DE113}"
EndProject
Project("{2150E333-8FDC-42A3-9474-1A3956D46DE8}") = "Solution Items", "Solution Items", "{BC0F25DC-05EA-4124-9874-7420613A999C}"
	ProjectSection(SolutionItems) = preProject
		docker-compose.yaml = docker-compose.yaml
		AppDocker\Dockerfile.App = AppDocker\Dockerfile.App
		DatabaseDocker\Dockerfile.SQLite = DatabaseDocker\Dockerfile.SQLite
	EndProjectSection
EndProject
Project("{FAE04EC0-301F-11D3-BF4B-00C04F79EFBC}") = "InventoryTracker.Contracts", "InventoryTracker.Contracts\InventoryTracker.Contracts.csproj", "{1AE17F74-FBE2-4DE4-B894-D86D1E38A2FC}"
EndProject
Project("{FAE04EC0-301F-11D3-BF4B-00C04F79EFBC}") = "InventoryTracker.Repositories", "InventoryTracker.Repositories\InventoryTracker.Repositories.csproj", "{CD0B7ACA-6C32-4CE7-9E3A-97F1DBEBAD1A}"
EndProject
Project("{FAE04EC0-301F-11D3-BF4B-00C04F79EFBC}") = "InventoryTracker.DependencyInjection", "InventoryTracker.DependencyInjection\InventoryTracker.DependencyInjection.csproj", "{368ECAAF-D6E9-4D9D-BA89-BDCD5D025BFB}"
EndProject
Project("{FAE04EC0-301F-11D3-BF4B-00C04F79EFBC}") = "InventoryTracker.Services", "InventoryTracker.Services\InventoryTracker.Services.csproj", "{E8DE54B4-DC1D-4778-9E1D-2619BBCAFE07}"
EndProject
Global
	GlobalSection(SolutionConfigurationPlatforms) = preSolution
		Debug|Any CPU = Debug|Any CPU
		Release|Any CPU = Release|Any CPU
	EndGlobalSection
	GlobalSection(ProjectConfigurationPlatforms) = postSolution
		{0F425988-CAC5-4067-B05C-CEABA17231E7}.Debug|Any CPU.ActiveCfg = Debug|Any CPU
		{0F425988-CAC5-4067-B05C-CEABA17231E7}.Debug|Any CPU.Build.0 = Debug|Any CPU
		{0F425988-CAC5-4067-B05C-CEABA17231E7}.Release|Any CPU.ActiveCfg = Release|Any CPU
		{0F425988-CAC5-4067-B05C-CEABA17231E7}.Release|Any CPU.Build.0 = Release|Any CPU
		{C6F9042A-0264-4562-83C1-034CD2AA965A}.Debug|Any CPU.ActiveCfg = Debug|Any CPU
		{C6F9042A-0264-4562-83C1-034CD2AA965A}.Debug|Any CPU.Build.0 = Debug|Any CPU
		{C6F9042A-0264-4562-83C1-034CD2AA965A}.Release|Any CPU.ActiveCfg = Release|Any CPU
		{C6F9042A-0264-4562-83C1-034CD2AA965A}.Release|Any CPU.Build.0 = Release|Any CPU
		{DDCC8C5C-649F-4B89-83CE-B2CD904DE113}.Debug|Any CPU.ActiveCfg = Debug|Any CPU
		{DDCC8C5C-649F-4B89-83CE-B2CD904DE113}.Debug|Any CPU.Build.0 = Debug|Any CPU
		{DDCC8C5C-649F-4B89-83CE-B2CD904DE113}.Release|Any CPU.ActiveCfg = Release|Any CPU
		{DDCC8C5C-649F-4B89-83CE-B2CD904DE113}.Release|Any CPU.Build.0 = Release|Any CPU
		{1AE17F74-FBE2-4DE4-B894-D86D1E38A2FC}.Debug|Any CPU.ActiveCfg = Debug|Any CPU
		{1AE17F74-FBE2-4DE4-B894-D86D1E38A2FC}.Debug|Any CPU.Build.0 = Debug|Any CPU
		{1AE17F74-FBE2-4DE4-B894-D86D1E38A2FC}.Release|Any CPU.ActiveCfg = Release|Any CPU
		{1AE17F74-FBE2-4DE4-B894-D86D1E38A2FC}.Release|Any CPU.Build.0 = Release|Any CPU
		{CD0B7ACA-6C32-4CE7-9E3A-97F1DBEBAD1A}.Debug|Any CPU.ActiveCfg = Debug|Any CPU
		{CD0B7ACA-6C32-4CE7-9E3A-97F1DBEBAD1A}.Debug|Any CPU.Build.0 = Debug|Any CPU
		{CD0B7ACA-6C32-4CE7-9E3A-97F1DBEBAD1A}.Release|Any CPU.ActiveCfg = Release|Any CPU
		{CD0B7ACA-6C32-4CE7-9E3A-97F1DBEBAD1A}.Release|Any CPU.Build.0 = Release|Any CPU
		{368ECAAF-D6E9-4D9D-BA89-BDCD5D025BFB}.Debug|Any CPU.ActiveCfg = Debug|Any CPU
		{368ECAAF-D6E9-4D9D-BA89-BDCD5D025BFB}.Debug|Any CPU.Build.0 = Debug|Any CPU
		{368ECAAF-D6E9-4D9D-BA89-BDCD5D025BFB}.Release|Any CPU.ActiveCfg = Release|Any CPU
		{368ECAAF-D6E9-4D9D-BA89-BDCD5D025BFB}.Release|Any CPU.Build.0 = Release|Any CPU
		{E8DE54B4-DC1D-4778-9E1D-2619BBCAFE07}.Debug|Any CPU.ActiveCfg = Debug|Any CPU
		{E8DE54B4-DC1D-4778-9E1D-2619BBCAFE07}.Debug|Any CPU.Build.0 = Debug|Any CPU
		{E8DE54B4-DC1D-4778-9E1D-2619BBCAFE07}.Release|Any CPU.ActiveCfg = Release|Any CPU
		{E8DE54B4-DC1D-4778-9E1D-2619BBCAFE07}.Release|Any CPU.Build.0 = Release|Any CPU
	EndGlobalSection
	GlobalSection(SolutionProperties) = preSolution
		HideSolutionNode = FALSE
	EndGlobalSection
	GlobalSection(ExtensibilityGlobals) = postSolution
		SolutionGuid = {9D8A3BF9-70C4-4053-8BF9-2CEFDEE84691}
	EndGlobalSection
EndGlobal
